
Microsoft Visual Studio Solution File, Format Version 12.00
# Visual Studio 15
VisualStudioVersion = 15.0.28307.271
MinimumVisualStudioVersion = 10.0.40219.1
Project("{FAE04EC0-301F-11D3-BF4B-00C04F79EFBC}") = "05-SWAPI", "05-SWAPI\05-SWAPI.csproj", "{31EA3617-6215-4040-B528-1E682DF2FF92}"
EndProject
Global
	GlobalSection(SolutionConfigurationPlatforms) = preSolution
		Debug|Any CPU = Debug|Any CPU
		Release|Any CPU = Release|Any CPU
	EndGlobalSection
	GlobalSection(ProjectConfigurationPlatforms) = postSolution
		{31EA3617-6215-4040-B528-1E682DF2FF92}.Debug|Any CPU.ActiveCfg = Debug|Any CPU
		{31EA3617-6215-4040-B528-1E682DF2FF92}.Debug|Any CPU.Build.0 = Debug|Any CPU
		{31EA3617-6215-4040-B528-1E682DF2FF92}.Release|Any CPU.ActiveCfg = Release|Any CPU
		{31EA3617-6215-4040-B528-1E682DF2FF92}.Release|Any CPU.Build.0 = Release|Any CPU
	EndGlobalSection
	GlobalSection(SolutionProperties) = preSolution
		HideSolutionNode = FALSE
	EndGlobalSection
	GlobalSection(ExtensibilityGlobals) = postSolution
		SolutionGuid = {DBE93153-3E7B-428F-B393-A3DB16EC1901}
	EndGlobalSection
EndGlobal
